
Microsoft Visual Studio Solution File, Format Version 12.00
# Visual Studio Version 17
VisualStudioVersion = 17.0.31903.59
MinimumVisualStudioVersion = 10.0.40219.1
Project("{9A19103F-16F7-4668-BE54-9A1E7A4F7556}") = "SmartApp", "SmartApp\SmartApp.csproj", "{84CCED45-DE94-42F8-A017-D78DC1395B44}"
EndProject
Project("{9A19103F-16F7-4668-BE54-9A1E7A4F7556}") = "IOT_device", "IOT_device\IOT_device.csproj", "{310A1D44-05A8-4AF6-A07D-1564A0CE52B8}"
EndProject
Project("{9A19103F-16F7-4668-BE54-9A1E7A4F7556}") = "Azure functions", "Azure functions\Azure functions.csproj", "{FD611143-7BBF-4068-B595-D0CECC4035FE}"
EndProject
Global
	GlobalSection(SolutionConfigurationPlatforms) = preSolution
		Debug|Any CPU = Debug|Any CPU
		Debug|ARM = Debug|ARM
		Debug|ARM64 = Debug|ARM64
		Debug|x64 = Debug|x64
		Debug|x86 = Debug|x86
		Release|Any CPU = Release|Any CPU
		Release|ARM = Release|ARM
		Release|ARM64 = Release|ARM64
		Release|x64 = Release|x64
		Release|x86 = Release|x86
	EndGlobalSection
	GlobalSection(ProjectConfigurationPlatforms) = postSolution
		{84CCED45-DE94-42F8-A017-D78DC1395B44}.Debug|Any CPU.ActiveCfg = Debug|Any CPU
		{84CCED45-DE94-42F8-A017-D78DC1395B44}.Debug|Any CPU.Build.0 = Debug|Any CPU
		{84CCED45-DE94-42F8-A017-D78DC1395B44}.Debug|ARM.ActiveCfg = Debug|Any CPU
		{84CCED45-DE94-42F8-A017-D78DC1395B44}.Debug|ARM.Build.0 = Debug|Any CPU
		{84CCED45-DE94-42F8-A017-D78DC1395B44}.Debug|ARM64.ActiveCfg = Debug|Any CPU
		{84CCED45-DE94-42F8-A017-D78DC1395B44}.Debug|ARM64.Build.0 = Debug|Any CPU
		{84CCED45-DE94-42F8-A017-D78DC1395B44}.Debug|x64.ActiveCfg = Debug|Any CPU
		{84CCED45-DE94-42F8-A017-D78DC1395B44}.Debug|x64.Build.0 = Debug|Any CPU
		{84CCED45-DE94-42F8-A017-D78DC1395B44}.Debug|x86.ActiveCfg = Debug|Any CPU
		{84CCED45-DE94-42F8-A017-D78DC1395B44}.Debug|x86.Build.0 = Debug|Any CPU
		{84CCED45-DE94-42F8-A017-D78DC1395B44}.Release|Any CPU.ActiveCfg = Release|Any CPU
		{84CCED45-DE94-42F8-A017-D78DC1395B44}.Release|Any CPU.Build.0 = Release|Any CPU
		{84CCED45-DE94-42F8-A017-D78DC1395B44}.Release|ARM.ActiveCfg = Release|Any CPU
		{84CCED45-DE94-42F8-A017-D78DC1395B44}.Release|ARM.Build.0 = Release|Any CPU
		{84CCED45-DE94-42F8-A017-D78DC1395B44}.Release|ARM64.ActiveCfg = Release|Any CPU
		{84CCED45-DE94-42F8-A017-D78DC1395B44}.Release|ARM64.Build.0 = Release|Any CPU
		{84CCED45-DE94-42F8-A017-D78DC1395B44}.Release|x64.ActiveCfg = Release|Any CPU
		{84CCED45-DE94-42F8-A017-D78DC1395B44}.Release|x64.Build.0 = Release|Any CPU
		{84CCED45-DE94-42F8-A017-D78DC1395B44}.Release|x86.ActiveCfg = Release|Any CPU
		{84CCED45-DE94-42F8-A017-D78DC1395B44}.Release|x86.Build.0 = Release|Any CPU
		{310A1D44-05A8-4AF6-A07D-1564A0CE52B8}.Debug|Any CPU.ActiveCfg = Debug|Any CPU
		{310A1D44-05A8-4AF6-A07D-1564A0CE52B8}.Debug|Any CPU.Build.0 = Debug|Any CPU
		{310A1D44-05A8-4AF6-A07D-1564A0CE52B8}.Debug|ARM.ActiveCfg = Debug|Any CPU
		{310A1D44-05A8-4AF6-A07D-1564A0CE52B8}.Debug|ARM.Build.0 = Debug|Any CPU
		{310A1D44-05A8-4AF6-A07D-1564A0CE52B8}.Debug|ARM64.ActiveCfg = Debug|Any CPU
		{310A1D44-05A8-4AF6-A07D-1564A0CE52B8}.Debug|ARM64.Build.0 = Debug|Any CPU
		{310A1D44-05A8-4AF6-A07D-1564A0CE52B8}.Debug|x64.ActiveCfg = Debug|Any CPU
		{310A1D44-05A8-4AF6-A07D-1564A0CE52B8}.Debug|x64.Build.0 = Debug|Any CPU
		{310A1D44-05A8-4AF6-A07D-1564A0CE52B8}.Debug|x86.ActiveCfg = Debug|Any CPU
		{310A1D44-05A8-4AF6-A07D-1564A0CE52B8}.Debug|x86.Build.0 = Debug|Any CPU
		{310A1D44-05A8-4AF6-A07D-1564A0CE52B8}.Release|Any CPU.ActiveCfg = Release|Any CPU
		{310A1D44-05A8-4AF6-A07D-1564A0CE52B8}.Release|Any CPU.Build.0 = Release|Any CPU
		{310A1D44-05A8-4AF6-A07D-1564A0CE52B8}.Release|ARM.ActiveCfg = Release|Any CPU
		{310A1D44-05A8-4AF6-A07D-1564A0CE52B8}.Release|ARM.Build.0 = Release|Any CPU
		{310A1D44-05A8-4AF6-A07D-1564A0CE52B8}.Release|ARM64.ActiveCfg = Release|Any CPU
		{310A1D44-05A8-4AF6-A07D-1564A0CE52B8}.Release|ARM64.Build.0 = Release|Any CPU
		{310A1D44-05A8-4AF6-A07D-1564A0CE52B8}.Release|x64.ActiveCfg = Release|Any CPU
		{310A1D44-05A8-4AF6-A07D-1564A0CE52B8}.Release|x64.Build.0 = Release|Any CPU
		{310A1D44-05A8-4AF6-A07D-1564A0CE52B8}.Release|x86.ActiveCfg = Release|Any CPU
		{310A1D44-05A8-4AF6-A07D-1564A0CE52B8}.Release|x86.Build.0 = Release|Any CPU
		{FD611143-7BBF-4068-B595-D0CECC4035FE}.Debug|Any CPU.ActiveCfg = Debug|Any CPU
		{FD611143-7BBF-4068-B595-D0CECC4035FE}.Debug|Any CPU.Build.0 = Debug|Any CPU
		{FD611143-7BBF-4068-B595-D0CECC4035FE}.Debug|ARM.ActiveCfg = Debug|Any CPU
		{FD611143-7BBF-4068-B595-D0CECC4035FE}.Debug|ARM.Build.0 = Debug|Any CPU
		{FD611143-7BBF-4068-B595-D0CECC4035FE}.Debug|ARM64.ActiveCfg = Debug|Any CPU
		{FD611143-7BBF-4068-B595-D0CECC4035FE}.Debug|ARM64.Build.0 = Debug|Any CPU
		{FD611143-7BBF-4068-B595-D0CECC4035FE}.Debug|x64.ActiveCfg = Debug|Any CPU
		{FD611143-7BBF-4068-B595-D0CECC4035FE}.Debug|x64.Build.0 = Debug|Any CPU
		{FD611143-7BBF-4068-B595-D0CECC4035FE}.Debug|x86.ActiveCfg = Debug|Any CPU
		{FD611143-7BBF-4068-B595-D0CECC4035FE}.Debug|x86.Build.0 = Debug|Any CPU
		{FD611143-7BBF-4068-B595-D0CECC4035FE}.Release|Any CPU.ActiveCfg = Release|Any CPU
		{FD611143-7BBF-4068-B595-D0CECC4035FE}.Release|Any CPU.Build.0 = Release|Any CPU
		{FD611143-7BBF-4068-B595-D0CECC4035FE}.Release|ARM.ActiveCfg = Release|Any CPU
		{FD611143-7BBF-4068-B595-D0CECC4035FE}.Release|ARM.Build.0 = Release|Any CPU
		{FD611143-7BBF-4068-B595-D0CECC4035FE}.Release|ARM64.ActiveCfg = Release|Any CPU
		{FD611143-7BBF-4068-B595-D0CECC4035FE}.Release|ARM64.Build.0 = Release|Any CPU
		{FD611143-7BBF-4068-B595-D0CECC4035FE}.Release|x64.ActiveCfg = Release|Any CPU
		{FD611143-7BBF-4068-B595-D0CECC4035FE}.Release|x64.Build.0 = Release|Any CPU
		{FD611143-7BBF-4068-B595-D0CECC4035FE}.Release|x86.ActiveCfg = Release|Any CPU
		{FD611143-7BBF-4068-B595-D0CECC4035FE}.Release|x86.Build.0 = Release|Any CPU
	EndGlobalSection
	GlobalSection(SolutionProperties) = preSolution
		HideSolutionNode = FALSE
	EndGlobalSection
	GlobalSection(ExtensibilityGlobals) = postSolution
		SolutionGuid = {034D5457-0FB6-4AD3-86FD-CD3A555EDAE2}
	EndGlobalSection
EndGlobal
